{
  "version": 4,
  "terraform_version": "1.6.1",
  "serial": 4,
  "lineage": "f42c6865-c7c1-45ca-e7eb-27af41e8f5f2",
  "outputs": {},
  "resources": [
    {
      "mode": "managed",
      "type": "azurerm_linux_web_app",
      "name": "examplewebappmibanco",
      "provider": "provider[\"registry.terraform.io/hashicorp/azurerm\"]",
      "instances": [
        {
          "schema_version": 0,
          "attributes": {
            "app_settings": null,
            "auth_settings": [],
            "auth_settings_v2": [],
            "backup": [],
            "client_affinity_enabled": false,
            "client_certificate_enabled": false,
            "client_certificate_exclusion_paths": "",
            "client_certificate_mode": "Required",
            "connection_string": [],
            "custom_domain_verification_id": "4BAD0CE932F06040FFCA34E8136E987E4EDDA34636CCCE100FCE0AE50B2506DC",
            "default_hostname": "examplewebappmibanco.azurewebsites.net",
            "enabled": true,
            "hosting_environment_id": "",
            "https_only": false,
            "id": "/subscriptions/e67cfc05-b4ba-4b39-9139-01d6cc110b5e/resourceGroups/example-resourcesmibanco/providers/Microsoft.Web/sites/examplewebappmibanco",
            "identity": [],
            "key_vault_reference_identity_id": "SystemAssigned",
            "kind": "app,linux",
            "location": "westeurope",
            "logs": [],
            "name": "examplewebappmibanco",
            "outbound_ip_address_list": [
              "20.76.221.28",
              "20.4.184.66",
              "20.4.184.68",
              "20.4.184.131",
              "20.4.184.133",
              "20.76.219.105",
              "20.105.232.44"
            ],
            "outbound_ip_addresses": "20.76.221.28,20.4.184.66,20.4.184.68,20.4.184.131,20.4.184.133,20.76.219.105,20.105.232.44",
            "possible_outbound_ip_address_list": [
              "20.4.184.203",
              "20.4.184.204",
              "20.4.184.207",
              "20.103.51.101",
              "20.4.184.210",
              "20.4.184.213",
              "20.103.53.245",
              "20.103.54.26",
              "20.103.54.49",
              "20.103.54.62",
              "20.103.54.105",
              "20.4.184.62",
              "20.76.221.28",
              "20.4.184.66",
              "20.4.184.68",
              "20.4.184.131",
              "20.4.184.133",
              "20.76.219.105",
              "20.76.220.4",
              "20.4.184.141",
              "20.4.184.142",
              "20.4.184.176",
              "20.4.184.185",
              "20.4.184.187",
              "20.4.184.203",
              "20.4.184.204",
              "20.4.184.207",
              "20.103.51.101",
              "20.4.184.210",
              "20.4.184.213",
              "20.4.185.8",
              "20.4.185.10",
              "20.4.185.32",
              "20.4.185.48",
              "20.4.185.106",
              "20.4.185.119",
              "20.105.232.44"
            ],
            "possible_outbound_ip_addresses": "20.4.184.203,20.4.184.204,20.4.184.207,20.103.51.101,20.4.184.210,20.4.184.213,20.103.53.245,20.103.54.26,20.103.54.49,20.103.54.62,20.103.54.105,20.4.184.62,20.76.221.28,20.4.184.66,20.4.184.68,20.4.184.131,20.4.184.133,20.76.219.105,20.76.220.4,20.4.184.141,20.4.184.142,20.4.184.176,20.4.184.185,20.4.184.187,20.4.184.203,20.4.184.204,20.4.184.207,20.103.51.101,20.4.184.210,20.4.184.213,20.4.185.8,20.4.185.10,20.4.185.32,20.4.185.48,20.4.185.106,20.4.185.119,20.105.232.44",
            "public_network_access_enabled": true,
            "resource_group_name": "example-resourcesmibanco",
            "service_plan_id": "/subscriptions/e67cfc05-b4ba-4b39-9139-01d6cc110b5e/resourceGroups/example-resourcesmibanco/providers/Microsoft.Web/serverfarms/exampleplanmibanco",
            "site_config": [
              {
                "always_on": true,
                "api_definition_url": "",
                "api_management_api_id": "",
                "app_command_line": "",
                "application_stack": [
                  {
                    "docker_image": "",
                    "docker_image_name": "",
                    "docker_image_tag": "",
                    "docker_registry_password": "",
                    "docker_registry_url": "",
                    "docker_registry_username": "",
                    "dotnet_version": "",
                    "go_version": "",
                    "java_server": "",
                    "java_server_version": "",
                    "java_version": "",
                    "node_version": "",
                    "php_version": "",
                    "python_version": "",
                    "ruby_version": ""
                  }
                ],
                "auto_heal_enabled": false,
                "auto_heal_setting": [],
                "container_registry_managed_identity_client_id": "",
                "container_registry_use_managed_identity": false,
                "cors": [],
                "default_documents": [
                  "Default.htm",
                  "Default.html",
                  "Default.asp",
                  "index.htm",
                  "index.html",
                  "iisstart.htm",
                  "default.aspx",
                  "index.php",
                  "hostingstart.html"
                ],
                "detailed_error_logging_enabled": false,
                "ftps_state": "Disabled",
                "health_check_eviction_time_in_min": 0,
                "health_check_path": "",
                "http2_enabled": false,
                "ip_restriction": [],
                "linux_fx_version": "",
                "load_balancing_mode": "LeastRequests",
                "local_mysql_enabled": false,
                "managed_pipeline_mode": "Integrated",
                "minimum_tls_version": "1.2",
                "remote_debugging_enabled": false,
                "remote_debugging_version": "VS2019",
                "scm_ip_restriction": [],
                "scm_minimum_tls_version": "1.2",
                "scm_type": "None",
                "scm_use_main_ip_restriction": false,
                "use_32_bit_worker": true,
                "vnet_route_all_enabled": false,
                "websockets_enabled": false,
                "worker_count": 1
              }
            ],
            "site_credential": [
              {
                "name": "$examplewebappmibanco",
                "password": "eN1tmF1zgG6NurBxwKEqydymhfe6aqWyNtf8JtFrgnDB1Wi4QqEtA1jwtS4E"
              }
            ],
            "sticky_settings": [],
            "storage_account": [],
            "tags": null,
            "timeouts": null,
            "virtual_network_subnet_id": "",
            "zip_deploy_file": ""
          },
          "sensitive_attributes": [],
          "private": "eyJlMmJmYjczMC1lY2FhLTExZTYtOGY4OC0zNDM2M2JjN2M0YzAiOnsiY3JlYXRlIjoxODAwMDAwMDAwMDAwLCJkZWxldGUiOjE4MDAwMDAwMDAwMDAsInJlYWQiOjMwMDAwMDAwMDAwMCwidXBkYXRlIjoxODAwMDAwMDAwMDAwfX0=",
          "dependencies": [
            "azurerm_resource_group.examplemibanco",
            "azurerm_service_plan.exampleserviceplanmibanco"
          ]
        }
      ]
    },
    {
      "mode": "managed",
      "type": "azurerm_resource_group",
      "name": "examplemibanco",
      "provider": "provider[\"registry.terraform.io/hashicorp/azurerm\"]",
      "instances": [
        {
          "schema_version": 0,
          "attributes": {
            "id": "/subscriptions/e67cfc05-b4ba-4b39-9139-01d6cc110b5e/resourceGroups/example-resourcesmibanco",
            "location": "westeurope",
            "managed_by": "",
            "name": "example-resourcesmibanco",
            "tags": null,
            "timeouts": null
          },
          "sensitive_attributes": [],
          "private": "eyJlMmJmYjczMC1lY2FhLTExZTYtOGY4OC0zNDM2M2JjN2M0YzAiOnsiY3JlYXRlIjo1NDAwMDAwMDAwMDAwLCJkZWxldGUiOjU0MDAwMDAwMDAwMDAsInJlYWQiOjMwMDAwMDAwMDAwMCwidXBkYXRlIjo1NDAwMDAwMDAwMDAwfX0="
        }
      ]
    },
    {
      "mode": "managed",
      "type": "azurerm_service_plan",
      "name": "exampleserviceplanmibanco",
      "provider": "provider[\"registry.terraform.io/hashicorp/azurerm\"]",
      "instances": [
        {
          "schema_version": 0,
          "attributes": {
            "app_service_environment_id": "",
            "id": "/subscriptions/e67cfc05-b4ba-4b39-9139-01d6cc110b5e/resourceGroups/example-resourcesmibanco/providers/Microsoft.Web/serverfarms/exampleplanmibanco",
            "kind": "linux",
            "location": "westeurope",
            "maximum_elastic_worker_count": 1,
            "name": "exampleplanmibanco",
            "os_type": "Linux",
            "per_site_scaling_enabled": false,
            "reserved": true,
            "resource_group_name": "example-resourcesmibanco",
            "sku_name": "P1v2",
            "tags": null,
            "timeouts": null,
            "worker_count": 1,
            "zone_balancing_enabled": false
          },
          "sensitive_attributes": [],
          "private": "eyJlMmJmYjczMC1lY2FhLTExZTYtOGY4OC0zNDM2M2JjN2M0YzAiOnsiY3JlYXRlIjozNjAwMDAwMDAwMDAwLCJkZWxldGUiOjM2MDAwMDAwMDAwMDAsInJlYWQiOjMwMDAwMDAwMDAwMCwidXBkYXRlIjozNjAwMDAwMDAwMDAwfX0=",
          "dependencies": [
            "azurerm_resource_group.examplemibanco"
          ]
        }
      ]
    }
  ],
  "check_results": null
}
